Microsoft Visual Studio Solution File, Format Version 12.00
# Visual Studio 2012
Project("{FAE04EC0-301F-11D3-BF4B-00C04F79EFBC}") = "HalloweenJAM2024", "HalloweenJAM2024.csproj", "{83B4F749-63EE-4059-99FF-D2D1086160C2}"
EndProject
Global
	GlobalSection(SolutionConfigurationPlatforms) = preSolution
	Debug|Any CPU = Debug|Any CPU
	ExportDebug|Any CPU = ExportDebug|Any CPU
	ExportRelease|Any CPU = ExportRelease|Any CPU
	EndGlobalSection
	GlobalSection(ProjectConfigurationPlatforms) = postSolution
		{83B4F749-63EE-4059-99FF-D2D1086160C2}.Debug|Any CPU.ActiveCfg = Debug|Any CPU
		{83B4F749-63EE-4059-99FF-D2D1086160C2}.Debug|Any CPU.Build.0 = Debug|Any CPU
		{83B4F749-63EE-4059-99FF-D2D1086160C2}.ExportDebug|Any CPU.ActiveCfg = ExportDebug|Any CPU
		{83B4F749-63EE-4059-99FF-D2D1086160C2}.ExportDebug|Any CPU.Build.0 = ExportDebug|Any CPU
		{83B4F749-63EE-4059-99FF-D2D1086160C2}.ExportRelease|Any CPU.ActiveCfg = ExportRelease|Any CPU
		{83B4F749-63EE-4059-99FF-D2D1086160C2}.ExportRelease|Any CPU.Build.0 = ExportRelease|Any CPU
	EndGlobalSection
EndGlobal
